PODS:
  - RKDropdownAlert (0.3.0)
  - SQLite.swift (0.12.2):
    - SQLite.swift/standard (= 0.12.2)
  - SQLite.swift/standard (0.12.2)

DEPENDENCIES:
  - RKDropdownAlert (~> 0.3.0)
  - SQLite.swift (~> 0.12.0)

SPEC REPOS:
  trunk:
    - RKDropdownAlert
    - SQLite.swift

SPEC CHECKSUMS:
  RKDropdownAlert: f4b3364c251829ad439dc666836a1f2dad26f4c7
  SQLite.swift: d2b4642190917051ce6bd1d49aab565fe794eea3

PODFILE CHECKSUM: c5ca385a5976d745468dd77e7e936739a16b103e

COCOAPODS: 1.11.0
