PODS:
  - RKDropdownAlert (0.3.0)
  - SQLite.swift (0.13.0):
    - SQLite.swift/standard (= 0.13.0)
  - SQLite.swift/standard (0.13.0)

DEPENDENCIES:
  - RKDropdownAlert
  - SQLite.swift

SPEC REPOS:
  trunk:
    - RKDropdownAlert
    - SQLite.swift

SPEC CHECKSUMS:
  RKDropdownAlert: f4b3364c251829ad439dc666836a1f2dad26f4c7
  SQLite.swift: 8add701609fd0ef78d097dcc75d20a9782e6f5fc

PODFILE CHECKSUM: 08029bb0bce8eee6e136a937114835354da187ad

COCOAPODS: 1.12.1
