PODS:
  - RKDropdownAlert (0.3.0)
  - SQLite.swift (0.13.0):
    - SQLite.swift/standard (= 0.13.0)
  - SQLite.swift/standard (0.13.0)

DEPENDENCIES:
  - RKDropdownAlert
  - SQLite.swift

SPEC REPOS:
  trunk:
    - RKDropdownAlert
    - SQLite.swift

SPEC CHECKSUMS:
  RKDropdownAlert: f4b3364c251829ad439dc666836a1f2dad26f4c7
  SQLite.swift: 8add701609fd0ef78d097dcc75d20a9782e6f5fc

PODFILE CHECKSUM: d1370d154c45b842ca2271af5ebe6886c2d8dd84

COCOAPODS: 1.11.0
